
Microsoft Visual Studio Solution File, Format Version 12.00
# Visual Studio Version 16
VisualStudioVersion = 16.0.32002.261
MinimumVisualStudioVersion = 10.0.40219.1
Project("{FAE04EC0-301F-11D3-BF4B-00C04F79EFBC}") = "NEWS_TASK", "NEWS_TASK\NEWS_TASK.csproj", "{E2950FA9-F274-480D-9564-D5FCE1E2C4BC}"
EndProject
Global
	GlobalSection(SolutionConfigurationPlatforms) = preSolution
		Debug|Any CPU = Debug|Any CPU
		Release|Any CPU = Release|Any CPU
	EndGlobalSection
	GlobalSection(ProjectConfigurationPlatforms) = postSolution
		{E2950FA9-F274-480D-9564-D5FCE1E2C4BC}.Debug|Any CPU.ActiveCfg = Debug|Any CPU
		{E2950FA9-F274-480D-9564-D5FCE1E2C4BC}.Debug|Any CPU.Build.0 = Debug|Any CPU
		{E2950FA9-F274-480D-9564-D5FCE1E2C4BC}.Release|Any CPU.ActiveCfg = Release|Any CPU
		{E2950FA9-F274-480D-9564-D5FCE1E2C4BC}.Release|Any CPU.Build.0 = Release|Any CPU
	EndGlobalSection
	GlobalSection(SolutionProperties) = preSolution
		HideSolutionNode = FALSE
	EndGlobalSection
	GlobalSection(ExtensibilityGlobals) = postSolution
		SolutionGuid = {93A51B3B-3DD4-461F-9071-38F0212E7499}
	EndGlobalSection
EndGlobal
